
Microsoft Visual Studio Solution File, Format Version 12.00
# Visual Studio Version 17
VisualStudioVersion = 17.4.33205.214
MinimumVisualStudioVersion = 10.0.40219.1
Project("{FAE04EC0-301F-11D3-BF4B-00C04F79EFBC}") = "socket-programming--IPHostEntry-Dns-GetHostEntry", "socket-programming--IPHostEntry-Dns-GetHostEntry\socket-programming--IPHostEntry-Dns-GetHostEntry.csproj", "{AA1CC4DB-F31E-4F23-BE71-377C3FE0A8D1}"
EndProject
Global
	GlobalSection(SolutionConfigurationPlatforms) = preSolution
		Debug|Any CPU = Debug|Any CPU
		Release|Any CPU = Release|Any CPU
	EndGlobalSection
	GlobalSection(ProjectConfigurationPlatforms) = postSolution
		{AA1CC4DB-F31E-4F23-BE71-377C3FE0A8D1}.Debug|Any CPU.ActiveCfg = Debug|Any CPU
		{AA1CC4DB-F31E-4F23-BE71-377C3FE0A8D1}.Debug|Any CPU.Build.0 = Debug|Any CPU
		{AA1CC4DB-F31E-4F23-BE71-377C3FE0A8D1}.Release|Any CPU.ActiveCfg = Release|Any CPU
		{AA1CC4DB-F31E-4F23-BE71-377C3FE0A8D1}.Release|Any CPU.Build.0 = Release|Any CPU
	EndGlobalSection
	GlobalSection(SolutionProperties) = preSolution
		HideSolutionNode = FALSE
	EndGlobalSection
	GlobalSection(ExtensibilityGlobals) = postSolution
		SolutionGuid = {B7AD715F-312B-4A5C-B8AE-229F733E67D4}
	EndGlobalSection
EndGlobal
